// !$*UTF8*$!
{
	archiveVersion = 1;
	classes = {
	};
	objectVersion = 46;
	objects = {

/* Begin PBXBuildFile section */
		7B0970F51E5FF589007EF3AC /* AppDelegate.swift in Sources */ = {isa = PBXBuildFile; fileRef = 7B0970F41E5FF589007EF3AC /* AppDelegate.swift */; };
		7B0970F71E5FF589007EF3AC /* SplashViewController.swift in Sources */ = {isa = PBXBuildFile; fileRef = 7B0970F61E5FF589007EF3AC /* SplashViewController.swift */; };
		7B0970F91E5FF589007EF3AC /* SecondViewController.swift in Sources */ = {isa = PBXBuildFile; fileRef = 7B0970F81E5FF589007EF3AC /* SecondViewController.swift */; };
		7B0970FC1E5FF589007EF3AC /* Main.storyboard in Resources */ = {isa = PBXBuildFile; fileRef = 7B0970FA1E5FF589007EF3AC /* Main.storyboard */; };
		7B0970FE1E5FF589007EF3AC /* Assets.xcassets in Resources */ = {isa = PBXBuildFile; fileRef = 7B0970FD1E5FF589007EF3AC /* Assets.xcassets */; };
		7B0971011E5FF589007EF3AC /* LaunchScreen.storyboard in Resources */ = {isa = PBXBuildFile; fileRef = 7B0970FF1E5FF589007EF3AC /* LaunchScreen.storyboard */; };
		7B09710C1E5FF589007EF3AC /* TilburyTransitTests.swift in Sources */ = {isa = PBXBuildFile; fileRef = 7B09710B1E5FF589007EF3AC /* TilburyTransitTests.swift */; };
		7B0971171E5FF589007EF3AC /* TilburyTransitUITests.swift in Sources */ = {isa = PBXBuildFile; fileRef = 7B0971161E5FF589007EF3AC /* TilburyTransitUITests.swift */; };
		7B0971251E5FF911007EF3AC /* Station.swift in Sources */ = {isa = PBXBuildFile; fileRef = 7B0971241E5FF911007EF3AC /* Station.swift */; };
		7B0971261E5FF911007EF3AC /* Station.swift in Sources */ = {isa = PBXBuildFile; fileRef = 7B0971241E5FF911007EF3AC /* Station.swift */; };
		7B0971271E5FF911007EF3AC /* Station.swift in Sources */ = {isa = PBXBuildFile; fileRef = 7B0971241E5FF911007EF3AC /* Station.swift */; };
		7B09712A1E5FF978007EF3AC /* StationInformationFeed.swift in Sources */ = {isa = PBXBuildFile; fileRef = 7B0971291E5FF978007EF3AC /* StationInformationFeed.swift */; };
		7B09712B1E5FF978007EF3AC /* StationInformationFeed.swift in Sources */ = {isa = PBXBuildFile; fileRef = 7B0971291E5FF978007EF3AC /* StationInformationFeed.swift */; };
		7B09712C1E5FF978007EF3AC /* StationInformationFeed.swift in Sources */ = {isa = PBXBuildFile; fileRef = 7B0971291E5FF978007EF3AC /* StationInformationFeed.swift */; };
		7B09712E1E5FFA9A007EF3AC /* APIClient.swift in Sources */ = {isa = PBXBuildFile; fileRef = 7B09712D1E5FFA9A007EF3AC /* APIClient.swift */; };
		7B09712F1E5FFA9A007EF3AC /* APIClient.swift in Sources */ = {isa = PBXBuildFile; fileRef = 7B09712D1E5FFA9A007EF3AC /* APIClient.swift */; };
		7B0971301E5FFA9A007EF3AC /* APIClient.swift in Sources */ = {isa = PBXBuildFile; fileRef = 7B09712D1E5FFA9A007EF3AC /* APIClient.swift */; };
		7B2774DF1E6209C700575F29 /* StationManager.swift in Sources */ = {isa = PBXBuildFile; fileRef = 7B2774DE1E6209C700575F29 /* StationManager.swift */; };
		7BB762461E6218E800DA2DB8 /* StationStatusFeed.swift in Sources */ = {isa = PBXBuildFile; fileRef = 7BB762451E6218E800DA2DB8 /* StationStatusFeed.swift */; };
		7BB762481E62192700DA2DB8 /* StationFeed.swift in Sources */ = {isa = PBXBuildFile; fileRef = 7BB762471E62192700DA2DB8 /* StationFeed.swift */; };
		7BB7624A1E62282B00DA2DB8 /* StationAnnotation.swift in Sources */ = {isa = PBXBuildFile; fileRef = 7BB762491E62282B00DA2DB8 /* StationAnnotation.swift */; };
		7BB7624B1E62282B00DA2DB8 /* StationAnnotation.swift in Sources */ = {isa = PBXBuildFile; fileRef = 7BB762491E62282B00DA2DB8 /* StationAnnotation.swift */; };
		7BB7624C1E62282B00DA2DB8 /* StationAnnotation.swift in Sources */ = {isa = PBXBuildFile; fileRef = 7BB762491E62282B00DA2DB8 /* StationAnnotation.swift */; };
		7BB7624F1E6229B400DA2DB8 /* StationAnnotationView.swift in Sources */ = {isa = PBXBuildFile; fileRef = 7BB7624E1E6229B400DA2DB8 /* StationAnnotationView.swift */; };
		7BB762501E6229B400DA2DB8 /* StationAnnotationView.swift in Sources */ = {isa = PBXBuildFile; fileRef = 7BB7624E1E6229B400DA2DB8 /* StationAnnotationView.swift */; };
		7BB762511E6229B400DA2DB8 /* StationAnnotationView.swift in Sources */ = {isa = PBXBuildFile; fileRef = 7BB7624E1E6229B400DA2DB8 /* StationAnnotationView.swift */; };
		7BB762581E63369900DA2DB8 /* MapKit.framework in Frameworks */ = {isa = PBXBuildFile; fileRef = 7BB762571E63369900DA2DB8 /* MapKit.framework */; };
		7BB7625E1E63835300DA2DB8 /* MapViewController.swift in Sources */ = {isa = PBXBuildFile; fileRef = 7BB7625D1E63835300DA2DB8 /* MapViewController.swift */; };
		7BB7625F1E63835300DA2DB8 /* MapViewController.swift in Sources */ = {isa = PBXBuildFile; fileRef = 7BB7625D1E63835300DA2DB8 /* MapViewController.swift */; };
		7BB762601E63835300DA2DB8 /* MapViewController.swift in Sources */ = {isa = PBXBuildFile; fileRef = 7BB7625D1E63835300DA2DB8 /* MapViewController.swift */; };
/* End PBXBuildFile section */

/* Begin PBXContainerItemProxy section */
		7B0971081E5FF589007EF3AC /* PBXContainerItemProxy */ = {
			isa = PBXContainerItemProxy;
			containerPortal = 7B0970E91E5FF589007EF3AC /* Project object */;
			proxyType = 1;
			remoteGlobalIDString = 7B0970F01E5FF589007EF3AC;
			remoteInfo = TilburyTransit;
		};
		7B0971131E5FF589007EF3AC /* PBXContainerItemProxy */ = {
			isa = PBXContainerItemProxy;
			containerPortal = 7B0970E91E5FF589007EF3AC /* Project object */;
			proxyType = 1;
			remoteGlobalIDString = 7B0970F01E5FF589007EF3AC;
			remoteInfo = TilburyTransit;
		};
/* End PBXContainerItemProxy section */

/* Begin PBXFileReference section */
		7B0970F11E5FF589007EF3AC /* TilburyTransit.app */ = {isa = PBXFileReference; explicitFileType = wrapper.application; includeInIndex = 0; path = TilburyTransit.app; sourceTree = BUILT_PRODUCTS_DIR; };
		7B0970F41E5FF589007EF3AC /* AppDelegate.swift */ = {isa = PBXFileReference; lastKnownFileType = sourcecode.swift; path = AppDelegate.swift; sourceTree = "<group>"; };
		7B0970F61E5FF589007EF3AC /* SplashViewController.swift */ = {isa = PBXFileReference; lastKnownFileType = sourcecode.swift; path = SplashViewController.swift; sourceTree = "<group>"; };
		7B0970F81E5FF589007EF3AC /* SecondViewController.swift */ = {isa = PBXFileReference; lastKnownFileType = sourcecode.swift; path = SecondViewController.swift; sourceTree = "<group>"; };
		7B0970FB1E5FF589007EF3AC /* Base */ = {isa = PBXFileReference; lastKnownFileType = file.storyboard; name = Base; path = Base.lproj/Main.storyboard; sourceTree = "<group>"; };
		7B0970FD1E5FF589007EF3AC /* Assets.xcassets */ = {isa = PBXFileReference; lastKnownFileType = folder.assetcatalog; path = Assets.xcassets; sourceTree = "<group>"; };
		7B0971001E5FF589007EF3AC /* Base */ = {isa = PBXFileReference; lastKnownFileType = file.storyboard; name = Base; path = Base.lproj/LaunchScreen.storyboard; sourceTree = "<group>"; };
		7B0971021E5FF589007EF3AC /* Info.plist */ = {isa = PBXFileReference; lastKnownFileType = text.plist.xml; path = Info.plist; sourceTree = "<group>"; };
		7B0971071E5FF589007EF3AC /* TilburyTransitTests.xctest */ = {isa = PBXFileReference; explicitFileType = wrapper.cfbundle; includeInIndex = 0; path = TilburyTransitTests.xctest; sourceTree = BUILT_PRODUCTS_DIR; };
		7B09710B1E5FF589007EF3AC /* TilburyTransitTests.swift */ = {isa = PBXFileReference; lastKnownFileType = sourcecode.swift; path = TilburyTransitTests.swift; sourceTree = "<group>"; };
		7B09710D1E5FF589007EF3AC /* Info.plist */ = {isa = PBXFileReference; lastKnownFileType = text.plist.xml; path = Info.plist; sourceTree = "<group>"; };
		7B0971121E5FF589007EF3AC /* TilburyTransitUITests.xctest */ = {isa = PBXFileReference; explicitFileType = wrapper.cfbundle; includeInIndex = 0; path = TilburyTransitUITests.xctest; sourceTree = BUILT_PRODUCTS_DIR; };
		7B0971161E5FF589007EF3AC /* TilburyTransitUITests.swift */ = {isa = PBXFileReference; lastKnownFileType = sourcecode.swift; path = TilburyTransitUITests.swift; sourceTree = "<group>"; };
		7B0971181E5FF589007EF3AC /* Info.plist */ = {isa = PBXFileReference; lastKnownFileType = text.plist.xml; path = Info.plist; sourceTree = "<group>"; };
		7B0971241E5FF911007EF3AC /* Station.swift */ = {isa = PBXFileReference; fileEncoding = 4; lastKnownFileType = sourcecode.swift; name = Station.swift; path = Core/Station.swift; sourceTree = "<group>"; };
		7B0971291E5FF978007EF3AC /* StationInformationFeed.swift */ = {isa = PBXFileReference; fileEncoding = 4; lastKnownFileType = sourcecode.swift; name = StationInformationFeed.swift; path = Services/StationInformationFeed.swift; sourceTree = "<group>"; };
		7B09712D1E5FFA9A007EF3AC /* APIClient.swift */ = {isa = PBXFileReference; fileEncoding = 4; lastKnownFileType = sourcecode.swift; path = APIClient.swift; sourceTree = "<group>"; };
		7B2774DE1E6209C700575F29 /* StationManager.swift */ = {isa = PBXFileReference; fileEncoding = 4; lastKnownFileType = sourcecode.swift; path = StationManager.swift; sourceTree = "<group>"; };
		7BB762451E6218E800DA2DB8 /* StationStatusFeed.swift */ = {isa = PBXFileReference; fileEncoding = 4; lastKnownFileType = sourcecode.swift; name = StationStatusFeed.swift; path = Services/StationStatusFeed.swift; sourceTree = "<group>"; };
		7BB762471E62192700DA2DB8 /* StationFeed.swift */ = {isa = PBXFileReference; fileEncoding = 4; lastKnownFileType = sourcecode.swift; name = StationFeed.swift; path = Services/StationFeed.swift; sourceTree = "<group>"; };
		7BB762491E62282B00DA2DB8 /* StationAnnotation.swift */ = {isa = PBXFileReference; fileEncoding = 4; lastKnownFileType = sourcecode.swift; name = StationAnnotation.swift; path = UI/StationAnnotation.swift; sourceTree = "<group>"; };
		7BB7624E1E6229B400DA2DB8 /* StationAnnotationView.swift */ = {isa = PBXFileReference; fileEncoding = 4; lastKnownFileType = sourcecode.swift; name = StationAnnotationView.swift; path = UI/StationAnnotationView.swift; sourceTree = "<group>"; };
		7BB762571E63369900DA2DB8 /* MapKit.framework */ = {isa = PBXFileReference; lastKnownFileType = wrapper.framework; name = MapKit.framework; path = System/Library/Frameworks/MapKit.framework; sourceTree = SDKROOT; };
		7BB7625D1E63835300DA2DB8 /* MapViewController.swift */ = {isa = PBXFileReference; fileEncoding = 4; lastKnownFileType = sourcecode.swift; name = MapViewController.swift; path = UI/MapViewController.swift; sourceTree = "<group>"; };
/* End PBXFileReference section */

/* Begin PBXFrameworksBuildPhase section */
		7B0970EE1E5FF589007EF3AC /* Frameworks */ = {
			isa = PBXFrameworksBuildPhase;
			buildActionMask = 2147483647;
			files = (
				7BB762581E63369900DA2DB8 /* MapKit.framework in Frameworks */,
			);
			runOnlyForDeploymentPostprocessing = 0;
		};
		7B0971041E5FF589007EF3AC /* Frameworks */ = {
			isa = PBXFrameworksBuildPhase;
			buildActionMask = 2147483647;
			files = (
			);
			runOnlyForDeploymentPostprocessing = 0;
		};
		7B09710F1E5FF589007EF3AC /* Frameworks */ = {
			isa = PBXFrameworksBuildPhase;
			buildActionMask = 2147483647;
			files = (
			);
			runOnlyForDeploymentPostprocessing = 0;
		};
/* End PBXFrameworksBuildPhase section */

/* Begin PBXGroup section */
		7B0970E81E5FF589007EF3AC = {
			isa = PBXGroup;
			children = (
				7B0970F31E5FF589007EF3AC /* TilburyTransit */,
				7B09710A1E5FF589007EF3AC /* TilburyTransitTests */,
				7B0971151E5FF589007EF3AC /* TilburyTransitUITests */,
				7B0970F21E5FF589007EF3AC /* Products */,
				7BB762561E63369900DA2DB8 /* Frameworks */,
			);
			sourceTree = "<group>";
		};
		7B0970F21E5FF589007EF3AC /* Products */ = {
			isa = PBXGroup;
			children = (
				7B0970F11E5FF589007EF3AC /* TilburyTransit.app */,
				7B0971071E5FF589007EF3AC /* TilburyTransitTests.xctest */,
				7B0971121E5FF589007EF3AC /* TilburyTransitUITests.xctest */,
			);
			name = Products;
			sourceTree = "<group>";
		};
		7B0970F31E5FF589007EF3AC /* TilburyTransit */ = {
			isa = PBXGroup;
			children = (
				7B0970F41E5FF589007EF3AC /* AppDelegate.swift */,
				7B0970F61E5FF589007EF3AC /* SplashViewController.swift */,
				7B0970F81E5FF589007EF3AC /* SecondViewController.swift */,
				7BB7624D1E62283400DA2DB8 /* UI */,
				7B0970FA1E5FF589007EF3AC /* Main.storyboard */,
				7B0970FD1E5FF589007EF3AC /* Assets.xcassets */,
				7B0970FF1E5FF589007EF3AC /* LaunchScreen.storyboard */,
				7B0971021E5FF589007EF3AC /* Info.plist */,
				7B0971281E5FF940007EF3AC /* Services */,
			);
			path = TilburyTransit;
			sourceTree = "<group>";
		};
		7B09710A1E5FF589007EF3AC /* TilburyTransitTests */ = {
			isa = PBXGroup;
			children = (
				7B09710B1E5FF589007EF3AC /* TilburyTransitTests.swift */,
				7B09710D1E5FF589007EF3AC /* Info.plist */,
			);
			path = TilburyTransitTests;
			sourceTree = "<group>";
		};
		7B0971151E5FF589007EF3AC /* TilburyTransitUITests */ = {
			isa = PBXGroup;
			children = (
				7B0971161E5FF589007EF3AC /* TilburyTransitUITests.swift */,
				7B0971181E5FF589007EF3AC /* Info.plist */,
			);
			path = TilburyTransitUITests;
			sourceTree = "<group>";
		};
		7B0971281E5FF940007EF3AC /* Services */ = {
			isa = PBXGroup;
			children = (
				7B0971241E5FF911007EF3AC /* Station.swift */,
				7B0971291E5FF978007EF3AC /* StationInformationFeed.swift */,
				7BB762451E6218E800DA2DB8 /* StationStatusFeed.swift */,
				7BB762471E62192700DA2DB8 /* StationFeed.swift */,
				7B09712D1E5FFA9A007EF3AC /* APIClient.swift */,
				7B2774DE1E6209C700575F29 /* StationManager.swift */,
			);
			name = Services;
			sourceTree = "<group>";
		};
		7BB7624D1E62283400DA2DB8 /* UI */ = {
			isa = PBXGroup;
			children = (
				7BB762491E62282B00DA2DB8 /* StationAnnotation.swift */,
				7BB7624E1E6229B400DA2DB8 /* StationAnnotationView.swift */,
				7BB7625D1E63835300DA2DB8 /* MapViewController.swift */,
			);
			name = UI;
			sourceTree = "<group>";
		};
		7BB762561E63369900DA2DB8 /* Frameworks */ = {
			isa = PBXGroup;
			children = (
				7BB762571E63369900DA2DB8 /* MapKit.framework */,
			);
			name = Frameworks;
			sourceTree = "<group>";
		};
/* End PBXGroup section */

/* Begin PBXNativeTarget section */
		7B0970F01E5FF589007EF3AC /* TilburyTransit */ = {
			isa = PBXNativeTarget;
			buildConfigurationList = 7B09711B1E5FF589007EF3AC /* Build configuration list for PBXNativeTarget "TilburyTransit" */;
			buildPhases = (
				7B0970ED1E5FF589007EF3AC /* Sources */,
				7B0970EE1E5FF589007EF3AC /* Frameworks */,
				7B0970EF1E5FF589007EF3AC /* Resources */,
			);
			buildRules = (
			);
			dependencies = (
			);
			name = TilburyTransit;
			productName = TilburyTransit;
			productReference = 7B0970F11E5FF589007EF3AC /* TilburyTransit.app */;
			productType = "com.apple.product-type.application";
		};
		7B0971061E5FF589007EF3AC /* TilburyTransitTests */ = {
			isa = PBXNativeTarget;
			buildConfigurationList = 7B09711E1E5FF589007EF3AC /* Build configuration list for PBXNativeTarget "TilburyTransitTests" */;
			buildPhases = (
				7B0971031E5FF589007EF3AC /* Sources */,
				7B0971041E5FF589007EF3AC /* Frameworks */,
				7B0971051E5FF589007EF3AC /* Resources */,
			);
			buildRules = (
			);
			dependencies = (
				7B0971091E5FF589007EF3AC /* PBXTargetDependency */,
			);
			name = TilburyTransitTests;
			productName = TilburyTransitTests;
			productReference = 7B0971071E5FF589007EF3AC /* TilburyTransitTests.xctest */;
			productType = "com.apple.product-type.bundle.unit-test";
		};
		7B0971111E5FF589007EF3AC /* TilburyTransitUITests */ = {
			isa = PBXNativeTarget;
			buildConfigurationList = 7B0971211E5FF589007EF3AC /* Build configuration list for PBXNativeTarget "TilburyTransitUITests" */;
			buildPhases = (
				7B09710E1E5FF589007EF3AC /* Sources */,
				7B09710F1E5FF589007EF3AC /* Frameworks */,
				7B0971101E5FF589007EF3AC /* Resources */,
			);
			buildRules = (
			);
			dependencies = (
				7B0971141E5FF589007EF3AC /* PBXTargetDependency */,
			);
			name = TilburyTransitUITests;
			productName = TilburyTransitUITests;
			productReference = 7B0971121E5FF589007EF3AC /* TilburyTransitUITests.xctest */;
			productType = "com.apple.product-type.bundle.ui-testing";
		};
/* End PBXNativeTarget section */

/* Begin PBXProject section */
		7B0970E91E5FF589007EF3AC /* Project object */ = {
			isa = PBXProject;
			attributes = {
				LastSwiftUpdateCheck = 0810;
				LastUpgradeCheck = 0810;
				ORGANIZATIONNAME = "Dean Silfen";
				TargetAttributes = {
					7B0970F01E5FF589007EF3AC = {
						CreatedOnToolsVersion = 8.1;
						DevelopmentTeam = NRNGV5PHUG;
						ProvisioningStyle = Automatic;
						SystemCapabilities = {
							com.apple.Maps.iOS = {
								enabled = 1;
							};
						};
					};
					7B0971061E5FF589007EF3AC = {
						CreatedOnToolsVersion = 8.1;
						DevelopmentTeam = NRNGV5PHUG;
						ProvisioningStyle = Automatic;
						TestTargetID = 7B0970F01E5FF589007EF3AC;
					};
					7B0971111E5FF589007EF3AC = {
						CreatedOnToolsVersion = 8.1;
						DevelopmentTeam = NRNGV5PHUG;
						ProvisioningStyle = Automatic;
						TestTargetID = 7B0970F01E5FF589007EF3AC;
					};
				};
			};
			buildConfigurationList = 7B0970EC1E5FF589007EF3AC /* Build configuration list for PBXProject "TilburyTransit" */;
			compatibilityVersion = "Xcode 3.2";
			developmentRegion = English;
			hasScannedForEncodings = 0;
			knownRegions = (
				en,
				Base,
			);
			mainGroup = 7B0970E81E5FF589007EF3AC;
			productRefGroup = 7B0970F21E5FF589007EF3AC /* Products */;
			projectDirPath = "";
			projectRoot = "";
			targets = (
				7B0970F01E5FF589007EF3AC /* TilburyTransit */,
				7B0971061E5FF589007EF3AC /* TilburyTransitTests */,
				7B0971111E5FF589007EF3AC /* TilburyTransitUITests */,
			);
		};
/* End PBXProject section */

/* Begin PBXResourcesBuildPhase section */
		7B0970EF1E5FF589007EF3AC /* Resources */ = {
			isa = PBXResourcesBuildPhase;
			buildActionMask = 2147483647;
			files = (
				7B0971011E5FF589007EF3AC /* LaunchScreen.storyboard in Resources */,
				7B0970FE1E5FF589007EF3AC /* Assets.xcassets in Resources */,
				7B0970FC1E5FF589007EF3AC /* Main.storyboard in Resources */,
			);
			runOnlyForDeploymentPostprocessing = 0;
		};
		7B0971051E5FF589007EF3AC /* Resources */ = {
			isa = PBXResourcesBuildPhase;
			buildActionMask = 2147483647;
			files = (
			);
			runOnlyForDeploymentPostprocessing = 0;
		};
		7B0971101E5FF589007EF3AC /* Resources */ = {
			isa = PBXResourcesBuildPhase;
			buildActionMask = 2147483647;
			files = (
			);
			runOnlyForDeploymentPostprocessing = 0;
		};
/* End PBXResourcesBuildPhase section */

/* Begin PBXSourcesBuildPhase section */
		7B0970ED1E5FF589007EF3AC /* Sources */ = {
			isa = PBXSourcesBuildPhase;
			buildActionMask = 2147483647;
			files = (
				7B0970F91E5FF589007EF3AC /* SecondViewController.swift in Sources */,
				7B2774DF1E6209C700575F29 /* StationManager.swift in Sources */,
				7B09712A1E5FF978007EF3AC /* StationInformationFeed.swift in Sources */,
				7BB7624A1E62282B00DA2DB8 /* StationAnnotation.swift in Sources */,
				7BB7624F1E6229B400DA2DB8 /* StationAnnotationView.swift in Sources */,
				7BB762481E62192700DA2DB8 /* StationFeed.swift in Sources */,
				7B0971251E5FF911007EF3AC /* Station.swift in Sources */,
				7BB7625E1E63835300DA2DB8 /* MapViewController.swift in Sources */,
				7BB762461E6218E800DA2DB8 /* StationStatusFeed.swift in Sources */,
				7B0970F51E5FF589007EF3AC /* AppDelegate.swift in Sources */,
				7B0970F71E5FF589007EF3AC /* SplashViewController.swift in Sources */,
				7B09712E1E5FFA9A007EF3AC /* APIClient.swift in Sources */,
			);
			runOnlyForDeploymentPostprocessing = 0;
		};
		7B0971031E5FF589007EF3AC /* Sources */ = {
			isa = PBXSourcesBuildPhase;
			buildActionMask = 2147483647;
			files = (
				7B09710C1E5FF589007EF3AC /* TilburyTransitTests.swift in Sources */,
				7B09712B1E5FF978007EF3AC /* StationInformationFeed.swift in Sources */,
				7BB762501E6229B400DA2DB8 /* StationAnnotationView.swift in Sources */,
				7B0971261E5FF911007EF3AC /* Station.swift in Sources */,
				7BB7624B1E62282B00DA2DB8 /* StationAnnotation.swift in Sources */,
				7B09712F1E5FFA9A007EF3AC /* APIClient.swift in Sources */,
				7BB7625F1E63835300DA2DB8 /* MapViewController.swift in Sources */,
			);
			runOnlyForDeploymentPostprocessing = 0;
		};
		7B09710E1E5FF589007EF3AC /* Sources */ = {
			isa = PBXSourcesBuildPhase;
			buildActionMask = 2147483647;
			files = (
				7B0971171E5FF589007EF3AC /* TilburyTransitUITests.swift in Sources */,
				7B09712C1E5FF978007EF3AC /* StationInformationFeed.swift in Sources */,
				7BB762511E6229B400DA2DB8 /* StationAnnotationView.swift in Sources */,
				7B0971271E5FF911007EF3AC /* Station.swift in Sources */,
				7BB7624C1E62282B00DA2DB8 /* StationAnnotation.swift in Sources */,
				7B0971301E5FFA9A007EF3AC /* APIClient.swift in Sources */,
				7BB762601E63835300DA2DB8 /* MapViewController.swift in Sources */,
			);
			runOnlyForDeploymentPostprocessing = 0;
		};
/* End PBXSourcesBuildPhase section */

/* Begin PBXTargetDependency section */
		7B0971091E5FF589007EF3AC /* PBXTargetDependency */ = {
			isa = PBXTargetDependency;
			target = 7B0970F01E5FF589007EF3AC /* TilburyTransit */;
			targetProxy = 7B0971081E5FF589007EF3AC /* PBXContainerItemProxy */;
		};
		7B0971141E5FF589007EF3AC /* PBXTargetDependency */ = {
			isa = PBXTargetDependency;
			target = 7B0970F01E5FF589007EF3AC /* TilburyTransit */;
			targetProxy = 7B0971131E5FF589007EF3AC /* PBXContainerItemProxy */;
		};
/* End PBXTargetDependency section */

/* Begin PBXVariantGroup section */
		7B0970FA1E5FF589007EF3AC /* Main.storyboard */ = {
			isa = PBXVariantGroup;
			children = (
				7B0970FB1E5FF589007EF3AC /* Base */,
			);
			name = Main.storyboard;
			sourceTree = "<group>";
		};
		7B0970FF1E5FF589007EF3AC /* LaunchScreen.storyboard */ = {
			isa = PBXVariantGroup;
			children = (
				7B0971001E5FF589007EF3AC /* Base */,
			);
			name = LaunchScreen.storyboard;
			sourceTree = "<group>";
		};
/* End PBXVariantGroup section */

/* Begin XCBuildConfiguration section */
		7B0971191E5FF589007EF3AC /* Debug */ = {
			isa = XCBuildConfiguration;
			buildSettings = {
				ALWAYS_SEARCH_USER_PATHS = NO;
				CLANG_ANALYZER_NONNULL = YES;
				CLANG_CXX_LANGUAGE_STANDARD = "gnu++0x";
				CLANG_CXX_LIBRARY = "libc++";
				CLANG_ENABLE_MODULES = YES;
				CLANG_ENABLE_OBJC_ARC = YES;
				CLANG_WARN_BOOL_CONVERSION = YES;
				CLANG_WARN_CONSTANT_CONVERSION = YES;
				CLANG_WARN_DIRECT_OBJC_ISA_USAGE = YES_ERROR;
				CLANG_WARN_DOCUMENTATION_COMMENTS = YES;
				CLANG_WARN_EMPTY_BODY = YES;
				CLANG_WARN_ENUM_CONVERSION = YES;
				CLANG_WARN_INFINITE_RECURSION = YES;
				CLANG_WARN_INT_CONVERSION = YES;
				CLANG_WARN_OBJC_ROOT_CLASS = YES_ERROR;
				CLANG_WARN_SUSPICIOUS_MOVES = YES;
				CLANG_WARN_UNREACHABLE_CODE = YES;
				CLANG_WARN__DUPLICATE_METHOD_MATCH = YES;
				"CODE_SIGN_IDENTITY[sdk=iphoneos*]" = "iPhone Developer";
				COPY_PHASE_STRIP = NO;
				DEBUG_INFORMATION_FORMAT = dwarf;
				ENABLE_STRICT_OBJC_MSGSEND = YES;
				ENABLE_TESTABILITY = YES;
				GCC_C_LANGUAGE_STANDARD = gnu99;
				GCC_DYNAMIC_NO_PIC = NO;
				GCC_NO_COMMON_BLOCKS = YES;
				GCC_OPTIMIZATION_LEVEL = 0;
				GCC_PREPROCESSOR_DEFINITIONS = (
					"DEBUG=1",
					"$(inherited)",
				);
				GCC_WARN_64_TO_32_BIT_CONVERSION = YES;
				GCC_WARN_ABOUT_RETURN_TYPE = YES_ERROR;
				GCC_WARN_UNDECLARED_SELECTOR = YES;
				GCC_WARN_UNINITIALIZED_AUTOS = YES_AGGRESSIVE;
				GCC_WARN_UNUSED_FUNCTION = YES;
				GCC_WARN_UNUSED_VARIABLE = YES;
				IPHONEOS_DEPLOYMENT_TARGET = 10.1;
				MTL_ENABLE_DEBUG_INFO = YES;
				ONLY_ACTIVE_ARCH = YES;
				SDKROOT = iphoneos;
				SWIFT_ACTIVE_COMPILATION_CONDITIONS = DEBUG;
				SWIFT_OPTIMIZATION_LEVEL = "-Onone";
				TARGETED_DEVICE_FAMILY = "1,2";
			};
			name = Debug;
		};
		7B09711A1E5FF589007EF3AC /* Release */ = {
			isa = XCBuildConfiguration;
			buildSettings = {
				ALWAYS_SEARCH_USER_PATHS = NO;
				CLANG_ANALYZER_NONNULL = YES;
				CLANG_CXX_LANGUAGE_STANDARD = "gnu++0x";
				CLANG_CXX_LIBRARY = "libc++";
				CLANG_ENABLE_MODULES = YES;
				CLANG_ENABLE_OBJC_ARC = YES;
				CLANG_WARN_BOOL_CONVERSION = YES;
				CLANG_WARN_CONSTANT_CONVERSION = YES;
				CLANG_WARN_DIRECT_OBJC_ISA_USAGE = YES_ERROR;
				CLANG_WARN_DOCUMENTATION_COMMENTS = YES;
				CLANG_WARN_EMPTY_BODY = YES;
				CLANG_WARN_ENUM_CONVERSION = YES;
				CLANG_WARN_INFINITE_RECURSION = YES;
				CLANG_WARN_INT_CONVERSION = YES;
				CLANG_WARN_OBJC_ROOT_CLASS = YES_ERROR;
				CLANG_WARN_SUSPICIOUS_MOVES = YES;
				CLANG_WARN_UNREACHABLE_CODE = YES;
				CLANG_WARN__DUPLICATE_METHOD_MATCH = YES;
				"CODE_SIGN_IDENTITY[sdk=iphoneos*]" = "iPhone Developer";
				COPY_PHASE_STRIP = NO;
				DEBUG_INFORMATION_FORMAT = "dwarf-with-dsym";
				ENABLE_NS_ASSERTIONS = NO;
				ENABLE_STRICT_OBJC_MSGSEND = YES;
				GCC_C_LANGUAGE_STANDARD = gnu99;
				GCC_NO_COMMON_BLOCKS = YES;
				GCC_WARN_64_TO_32_BIT_CONVERSION = YES;
				GCC_WARN_ABOUT_RETURN_TYPE = YES_ERROR;
				GCC_WARN_UNDECLARED_SELECTOR = YES;
				GCC_WARN_UNINITIALIZED_AUTOS = YES_AGGRESSIVE;
				GCC_WARN_UNUSED_FUNCTION = YES;
				GCC_WARN_UNUSED_VARIABLE = YES;
				IPHONEOS_DEPLOYMENT_TARGET = 10.1;
				MTL_ENABLE_DEBUG_INFO = NO;
				SDKROOT = iphoneos;
				SWIFT_OPTIMIZATION_LEVEL = "-Owholemodule";
				TARGETED_DEVICE_FAMILY = "1,2";
				VALIDATE_PRODUCT = YES;
			};
			name = Release;
		};
		7B09711C1E5FF589007EF3AC /* Debug */ = {
			isa = XCBuildConfiguration;
			buildSettings = {
				ASSETCATALOG_COMPILER_APPICON_NAME = AppIcon;
				DEVELOPMENT_TEAM = NRNGV5PHUG;
				INFOPLIST_FILE = TilburyTransit/Info.plist;
				LD_RUNPATH_SEARCH_PATHS = "$(inherited) @executable_path/Frameworks";
				PRODUCT_BUNDLE_IDENTIFIER = me.silfen.TilburyTransit;
				PRODUCT_NAME = "$(TARGET_NAME)";
				SWIFT_VERSION = 3.0;
			};
			name = Debug;
		};
		7B09711D1E5FF589007EF3AC /* Release */ = {
			isa = XCBuildConfiguration;
			buildSettings = {
				ASSETCATALOG_COMPILER_APPICON_NAME = AppIcon;
				DEVELOPMENT_TEAM = NRNGV5PHUG;
				INFOPLIST_FILE = TilburyTransit/Info.plist;
				LD_RUNPATH_SEARCH_PATHS = "$(inherited) @executable_path/Frameworks";
				PRODUCT_BUNDLE_IDENTIFIER = me.silfen.TilburyTransit;
				PRODUCT_NAME = "$(TARGET_NAME)";
				SWIFT_VERSION = 3.0;
			};
			name = Release;
		};
		7B09711F1E5FF589007EF3AC /* Debug */ = {
			isa = XCBuildConfiguration;
			buildSettings = {
				ALWAYS_EMBED_SWIFT_STANDARD_LIBRARIES = YES;
				BUNDLE_LOADER = "$(TEST_HOST)";
				DEVELOPMENT_TEAM = NRNGV5PHUG;
				INFOPLIST_FILE = TilburyTransitTests/Info.plist;
				LD_RUNPATH_SEARCH_PATHS = "$(inherited) @executable_path/Frameworks @loader_path/Frameworks";
				PRODUCT_BUNDLE_IDENTIFIER = me.silfen.TilburyTransitTests;
				PRODUCT_NAME = "$(TARGET_NAME)";
				SWIFT_VERSION = 3.0;
				TEST_HOST = "$(BUILT_PRODUCTS_DIR)/TilburyTransit.app/TilburyTransit";
			};
			name = Debug;
		};
		7B0971201E5FF589007EF3AC /* Release */ = {
			isa = XCBuildConfiguration;
			buildSettings = {
				ALWAYS_EMBED_SWIFT_STANDARD_LIBRARIES = YES;
				BUNDLE_LOADER = "$(TEST_HOST)";
				DEVELOPMENT_TEAM = NRNGV5PHUG;
				INFOPLIST_FILE = TilburyTransitTests/Info.plist;
				LD_RUNPATH_SEARCH_PATHS = "$(inherited) @executable_path/Frameworks @loader_path/Frameworks";
				PRODUCT_BUNDLE_IDENTIFIER = me.silfen.TilburyTransitTests;
				PRODUCT_NAME = "$(TARGET_NAME)";
				SWIFT_VERSION = 3.0;
				TEST_HOST = "$(BUILT_PRODUCTS_DIR)/TilburyTransit.app/TilburyTransit";
			};
			name = Release;
		};
		7B0971221E5FF589007EF3AC /* Debug */ = {
			isa = XCBuildConfiguration;
			buildSettings = {
				ALWAYS_EMBED_SWIFT_STANDARD_LIBRARIES = YES;
				DEVELOPMENT_TEAM = NRNGV5PHUG;
				INFOPLIST_FILE = TilburyTransitUITests/Info.plist;
				LD_RUNPATH_SEARCH_PATHS = "$(inherited) @executable_path/Frameworks @loader_path/Frameworks";
				PRODUCT_BUNDLE_IDENTIFIER = me.silfen.TilburyTransitUITests;
				PRODUCT_NAME = "$(TARGET_NAME)";
				SWIFT_VERSION = 3.0;
				TEST_TARGET_NAME = TilburyTransit;
			};
			name = Debug;
		};
		7B0971231E5FF589007EF3AC /* Release */ = {
			isa = XCBuildConfiguration;
			buildSettings = {
				ALWAYS_EMBED_SWIFT_STANDARD_LIBRARIES = YES;
				DEVELOPMENT_TEAM = NRNGV5PHUG;
				INFOPLIST_FILE = TilburyTransitUITests/Info.plist;
				LD_RUNPATH_SEARCH_PATHS = "$(inherited) @executable_path/Frameworks @loader_path/Frameworks";
				PRODUCT_BUNDLE_IDENTIFIER = me.silfen.TilburyTransitUITests;
				PRODUCT_NAME = "$(TARGET_NAME)";
				SWIFT_VERSION = 3.0;
				TEST_TARGET_NAME = TilburyTransit;
			};
			name = Release;
		};
/* End XCBuildConfiguration section */

/* Begin XCConfigurationList section */
		7B0970EC1E5FF589007EF3AC /* Build configuration list for PBXProject "TilburyTransit" */ = {
			isa = XCConfigurationList;
			buildConfigurations = (
				7B0971191E5FF589007EF3AC /* Debug */,
				7B09711A1E5FF589007EF3AC /* Release */,
			);
			defaultConfigurationIsVisible = 0;
			defaultConfigurationName = Release;
		};
		7B09711B1E5FF589007EF3AC /* Build configuration list for PBXNativeTarget "TilburyTransit" */ = {
			isa = XCConfigurationList;
			buildConfigurations = (
				7B09711C1E5FF589007EF3AC /* Debug */,
				7B09711D1E5FF589007EF3AC /* Release */,
			);
			defaultConfigurationIsVisible = 0;
			defaultConfigurationName = Release;
		};
		7B09711E1E5FF589007EF3AC /* Build configuration list for PBXNativeTarget "TilburyTransitTests" */ = {
			isa = XCConfigurationList;
			buildConfigurations = (
				7B09711F1E5FF589007EF3AC /* Debug */,
				7B0971201E5FF589007EF3AC /* Release */,
			);
			defaultConfigurationIsVisible = 0;
			defaultConfigurationName = Release;
		};
		7B0971211E5FF589007EF3AC /* Build configuration list for PBXNativeTarget "TilburyTransitUITests" */ = {
			isa = XCConfigurationList;
			buildConfigurations = (
				7B0971221E5FF589007EF3AC /* Debug */,
				7B0971231E5FF589007EF3AC /* Release */,
			);
			defaultConfigurationIsVisible = 0;
			defaultConfigurationName = Release;
		};
/* End XCConfigurationList section */
	};
	rootObject = 7B0970E91E5FF589007EF3AC /* Project object */;
}
